// !$*UTF8*$!
{
	archiveVersion = 1;
	classes = {
	};
	objectVersion = 50;
	objects = {

/* Begin PBXBuildFile section */
		A8EA88DC2864EDA100D53359 /* AppDelegate.swift in Sources */ = {isa = PBXBuildFile; fileRef = A8EA88DB2864EDA100D53359 /* AppDelegate.swift */; };
		A8EA88DE2864EDA100D53359 /* SceneDelegate.swift in Sources */ = {isa = PBXBuildFile; fileRef = A8EA88DD2864EDA100D53359 /* SceneDelegate.swift */; };
		A8EA88E02864EDA100D53359 /* ViewController.swift in Sources */ = {isa = PBXBuildFile; fileRef = A8EA88DF2864EDA100D53359 /* ViewController.swift */; };
		A8EA88E32864EDA100D53359 /* Main.storyboard in Resources */ = {isa = PBXBuildFile; fileRef = A8EA88E12864EDA100D53359 /* Main.storyboard */; };
		A8EA88E62864EDA100D53359 /* test.xcdatamodeld in Sources */ = {isa = PBXBuildFile; fileRef = A8EA88E42864EDA100D53359 /* test.xcdatamodeld */; };
		A8EA88E82864EDAA00D53359 /* Assets.xcassets in Resources */ = {isa = PBXBuildFile; fileRef = A8EA88E72864EDAA00D53359 /* Assets.xcassets */; };
		A8EA88EB2864EDAA00D53359 /* LaunchScreen.storyboard in Resources */ = {isa = PBXBuildFile; fileRef = A8EA88E92864EDAA00D53359 /* LaunchScreen.storyboard */; };
		A8EA88F62864EDAB00D53359 /* testTests.swift in Sources */ = {isa = PBXBuildFile; fileRef = A8EA88F52864EDAB00D53359 /* testTests.swift */; };
		A8EA89012864EDAB00D53359 /* testUITests.swift in Sources */ = {isa = PBXBuildFile; fileRef = A8EA89002864EDAB00D53359 /* testUITests.swift */; };
/* End PBXBuildFile section */

/* Begin PBXContainerItemProxy section */
		A8EA88F22864EDAB00D53359 /* PBXContainerItemProxy */ = {
			isa = PBXContainerItemProxy;
			containerPortal = A8EA88D02864EDA000D53359 /* Project object */;
			proxyType = 1;
			remoteGlobalIDString = A8EA88D72864EDA100D53359;
			remoteInfo = test;
		};
		A8EA88FD2864EDAB00D53359 /* PBXContainerItemProxy */ = {
			isa = PBXContainerItemProxy;
			containerPortal = A8EA88D02864EDA000D53359 /* Project object */;
			proxyType = 1;
			remoteGlobalIDString = A8EA88D72864EDA100D53359;
			remoteInfo = test;
		};
/* End PBXContainerItemProxy section */

/* Begin PBXFileReference section */
		A8EA88D82864EDA100D53359 /* test.app */ = {isa = PBXFileReference; explicitFileType = wrapper.application; includeInIndex = 0; path = test.app; sourceTree = BUILT_PRODUCTS_DIR; };
		A8EA88DB2864EDA100D53359 /* AppDelegate.swift */ = {isa = PBXFileReference; lastKnownFileType = sourcecode.swift; path = AppDelegate.swift; sourceTree = "<group>"; };
		A8EA88DD2864EDA100D53359 /* SceneDelegate.swift */ = {isa = PBXFileReference; lastKnownFileType = sourcecode.swift; path = SceneDelegate.swift; sourceTree = "<group>"; };
		A8EA88DF2864EDA100D53359 /* ViewController.swift */ = {isa = PBXFileReference; lastKnownFileType = sourcecode.swift; path = ViewController.swift; sourceTree = "<group>"; };
		A8EA88E22864EDA100D53359 /* Base */ = {isa = PBXFileReference; lastKnownFileType = file.storyboard; name = Base; path = Base.lproj/Main.storyboard; sourceTree = "<group>"; };
		A8EA88E52864EDA100D53359 /* test.xcdatamodel */ = {isa = PBXFileReference; lastKnownFileType = wrapper.xcdatamodel; path = test.xcdatamodel; sourceTree = "<group>"; };
		A8EA88E72864EDAA00D53359 /* Assets.xcassets */ = {isa = PBXFileReference; lastKnownFileType = folder.assetcatalog; path = Assets.xcassets; sourceTree = "<group>"; };
		A8EA88EA2864EDAA00D53359 /* Base */ = {isa = PBXFileReference; lastKnownFileType = file.storyboard; name = Base; path = Base.lproj/LaunchScreen.storyboard; sourceTree = "<group>"; };
		A8EA88EC2864EDAA00D53359 /* Info.plist */ = {isa = PBXFileReference; lastKnownFileType = text.plist.xml; path = Info.plist; sourceTree = "<group>"; };
		A8EA88F12864EDAB00D53359 /* testTests.xctest */ = {isa = PBXFileReference; explicitFileType = wrapper.cfbundle; includeInIndex = 0; path = testTests.xctest; sourceTree = BUILT_PRODUCTS_DIR; };
		A8EA88F52864EDAB00D53359 /* testTests.swift */ = {isa = PBXFileReference; lastKnownFileType = sourcecode.swift; path = testTests.swift; sourceTree = "<group>"; };
		A8EA88F72864EDAB00D53359 /* Info.plist */ = {isa = PBXFileReference; lastKnownFileType = text.plist.xml; path = Info.plist; sourceTree = "<group>"; };
		A8EA88FC2864EDAB00D53359 /* testUITests.xctest */ = {isa = PBXFileReference; explicitFileType = wrapper.cfbundle; includeInIndex = 0; path = testUITests.xctest; sourceTree = BUILT_PRODUCTS_DIR; };
		A8EA89002864EDAB00D53359 /* testUITests.swift */ = {isa = PBXFileReference; lastKnownFileType = sourcecode.swift; path = testUITests.swift; sourceTree = "<group>"; };
		A8EA89022864EDAB00D53359 /* Info.plist */ = {isa = PBXFileReference; lastKnownFileType = text.plist.xml; path = Info.plist; sourceTree = "<group>"; };
/* End PBXFileReference section */

/* Begin PBXFrameworksBuildPhase section */
		A8EA88D52864EDA100D53359 /* Frameworks */ = {
			isa = PBXFrameworksBuildPhase;
			buildActionMask = 2147483647;
			files = (
			);
			runOnlyForDeploymentPostprocessing = 0;
		};
		A8EA88EE2864EDAB00D53359 /* Frameworks */ = {
			isa = PBXFrameworksBuildPhase;
			buildActionMask = 2147483647;
			files = (
			);
			runOnlyForDeploymentPostprocessing = 0;
		};
		A8EA88F92864EDAB00D53359 /* Frameworks */ = {
			isa = PBXFrameworksBuildPhase;
			buildActionMask = 2147483647;
			files = (
			);
			runOnlyForDeploymentPostprocessing = 0;
		};
/* End PBXFrameworksBuildPhase section */

/* Begin PBXGroup section */
		A8EA88CF2864EDA000D53359 = {
			isa = PBXGroup;
			children = (
				A8EA88DA2864EDA100D53359 /* test */,
				A8EA88F42864EDAB00D53359 /* testTests */,
				A8EA88FF2864EDAB00D53359 /* testUITests */,
				A8EA88D92864EDA100D53359 /* Products */,
			);
			sourceTree = "<group>";
		};
		A8EA88D92864EDA100D53359 /* Products */ = {
			isa = PBXGroup;
			children = (
				A8EA88D82864EDA100D53359 /* test.app */,
				A8EA88F12864EDAB00D53359 /* testTests.xctest */,
				A8EA88FC2864EDAB00D53359 /* testUITests.xctest */,
			);
			name = Products;
			sourceTree = "<group>";
		};
		A8EA88DA2864EDA100D53359 /* test */ = {
			isa = PBXGroup;
			children = (
				A8EA88DB2864EDA100D53359 /* AppDelegate.swift */,
				A8EA88DD2864EDA100D53359 /* SceneDelegate.swift */,
				A8EA88DF2864EDA100D53359 /* ViewController.swift */,
				A8EA88E12864EDA100D53359 /* Main.storyboard */,
				A8EA88E72864EDAA00D53359 /* Assets.xcassets */,
				A8EA88E92864EDAA00D53359 /* LaunchScreen.storyboard */,
				A8EA88EC2864EDAA00D53359 /* Info.plist */,
				A8EA88E42864EDA100D53359 /* test.xcdatamodeld */,
			);
			path = test;
			sourceTree = "<group>";
		};
		A8EA88F42864EDAB00D53359 /* testTests */ = {
			isa = PBXGroup;
			children = (
				A8EA88F52864EDAB00D53359 /* testTests.swift */,
				A8EA88F72864EDAB00D53359 /* Info.plist */,
			);
			path = testTests;
			sourceTree = "<group>";
		};
		A8EA88FF2864EDAB00D53359 /* testUITests */ = {
			isa = PBXGroup;
			children = (
				A8EA89002864EDAB00D53359 /* testUITests.swift */,
				A8EA89022864EDAB00D53359 /* Info.plist */,
			);
			path = testUITests;
			sourceTree = "<group>";
		};
/* End PBXGroup section */

/* Begin PBXNativeTarget section */
		A8EA88D72864EDA100D53359 /* test */ = {
			isa = PBXNativeTarget;
			buildConfigurationList = A8EA89052864EDAB00D53359 /* Build configuration list for PBXNativeTarget "test" */;
			buildPhases = (
				A8EA88D42864EDA100D53359 /* Sources */,
				A8EA88D52864EDA100D53359 /* Frameworks */,
				A8EA88D62864EDA100D53359 /* Resources */,
			);
			buildRules = (
			);
			dependencies = (
			);
			name = test;
			productName = test;
			productReference = A8EA88D82864EDA100D53359 /* test.app */;
			productType = "com.apple.product-type.application";
		};
		A8EA88F02864EDAB00D53359 /* testTests */ = {
			isa = PBXNativeTarget;
			buildConfigurationList = A8EA89082864EDAB00D53359 /* Build configuration list for PBXNativeTarget "testTests" */;
			buildPhases = (
				A8EA88ED2864EDAB00D53359 /* Sources */,
				A8EA88EE2864EDAB00D53359 /* Frameworks */,
				A8EA88EF2864EDAB00D53359 /* Resources */,
			);
			buildRules = (
			);
			dependencies = (
				A8EA88F32864EDAB00D53359 /* PBXTargetDependency */,
			);
			name = testTests;
			productName = testTests;
			productReference = A8EA88F12864EDAB00D53359 /* testTests.xctest */;
			productType = "com.apple.product-type.bundle.unit-test";
		};
		A8EA88FB2864EDAB00D53359 /* testUITests */ = {
			isa = PBXNativeTarget;
			buildConfigurationList = A8EA890B2864EDAB00D53359 /* Build configuration list for PBXNativeTarget "testUITests" */;
			buildPhases = (
				A8EA88F82864EDAB00D53359 /* Sources */,
				A8EA88F92864EDAB00D53359 /* Frameworks */,
				A8EA88FA2864EDAB00D53359 /* Resources */,
			);
			buildRules = (
			);
			dependencies = (
				A8EA88FE2864EDAB00D53359 /* PBXTargetDependency */,
			);
			name = testUITests;
			productName = testUITests;
			productReference = A8EA88FC2864EDAB00D53359 /* testUITests.xctest */;
			productType = "com.apple.product-type.bundle.ui-testing";
		};
/* End PBXNativeTarget section */

/* Begin PBXProject section */
		A8EA88D02864EDA000D53359 /* Project object */ = {
			isa = PBXProject;
			attributes = {
				LastSwiftUpdateCheck = 1250;
				LastUpgradeCheck = 1250;
				TargetAttributes = {
					A8EA88D72864EDA100D53359 = {
						CreatedOnToolsVersion = 12.5.1;
					};
					A8EA88F02864EDAB00D53359 = {
						CreatedOnToolsVersion = 12.5.1;
						TestTargetID = A8EA88D72864EDA100D53359;
					};
					A8EA88FB2864EDAB00D53359 = {
						CreatedOnToolsVersion = 12.5.1;
						TestTargetID = A8EA88D72864EDA100D53359;
					};
				};
			};
			buildConfigurationList = A8EA88D32864EDA000D53359 /* Build configuration list for PBXProject "test" */;
			compatibilityVersion = "Xcode 9.3";
			developmentRegion = en;
			hasScannedForEncodings = 0;
			knownRegions = (
				en,
				Base,
			);
			mainGroup = A8EA88CF2864EDA000D53359;
			productRefGroup = A8EA88D92864EDA100D53359 /* Products */;
			projectDirPath = "";
			projectRoot = "";
			targets = (
				A8EA88D72864EDA100D53359 /* test */,
				A8EA88F02864EDAB00D53359 /* testTests */,
				A8EA88FB2864EDAB00D53359 /* testUITests */,
			);
		};
/* End PBXProject section */

/* Begin PBXResourcesBuildPhase section */
		A8EA88D62864EDA100D53359 /* Resources */ = {
			isa = PBXResourcesBuildPhase;
			buildActionMask = 2147483647;
			files = (
				A8EA88EB2864EDAA00D53359 /* LaunchScreen.storyboard in Resources */,
				A8EA88E82864EDAA00D53359 /* Assets.xcassets in Resources */,
				A8EA88E32864EDA100D53359 /* Main.storyboard in Resources */,
			);
			runOnlyForDeploymentPostprocessing = 0;
		};
		A8EA88EF2864EDAB00D53359 /* Resources */ = {
			isa = PBXResourcesBuildPhase;
			buildActionMask = 2147483647;
			files = (
			);
			runOnlyForDeploymentPostprocessing = 0;
		};
		A8EA88FA2864EDAB00D53359 /* Resources */ = {
			isa = PBXResourcesBuildPhase;
			buildActionMask = 2147483647;
			files = (
			);
			runOnlyForDeploymentPostprocessing = 0;
		};
/* End PBXResourcesBuildPhase section */

/* Begin PBXSourcesBuildPhase section */
		A8EA88D42864EDA100D53359 /* Sources */ = {
			isa = PBXSourcesBuildPhase;
			buildActionMask = 2147483647;
			files = (
				A8EA88E02864EDA100D53359 /* ViewController.swift in Sources */,
				A8EA88E62864EDA100D53359 /* test.xcdatamodeld in Sources */,
				A8EA88DC2864EDA100D53359 /* AppDelegate.swift in Sources */,
				A8EA88DE2864EDA100D53359 /* SceneDelegate.swift in Sources */,
			);
			runOnlyForDeploymentPostprocessing = 0;
		};
		A8EA88ED2864EDAB00D53359 /* Sources */ = {
			isa = PBXSourcesBuildPhase;
			buildActionMask = 2147483647;
			files = (
				A8EA88F62864EDAB00D53359 /* testTests.swift in Sources */,
			);
			runOnlyForDeploymentPostprocessing = 0;
		};
		A8EA88F82864EDAB00D53359 /* Sources */ = {
			isa = PBXSourcesBuildPhase;
			buildActionMask = 2147483647;
			files = (
				A8EA89012864EDAB00D53359 /* testUITests.swift in Sources */,
			);
			runOnlyForDeploymentPostprocessing = 0;
		};
/* End PBXSourcesBuildPhase section */

/* Begin PBXTargetDependency section */
		A8EA88F32864EDAB00D53359 /* PBXTargetDependency */ = {
			isa = PBXTargetDependency;
			target = A8EA88D72864EDA100D53359 /* test */;
			targetProxy = A8EA88F22864EDAB00D53359 /* PBXContainerItemProxy */;
		};
		A8EA88FE2864EDAB00D53359 /* PBXTargetDependency */ = {
			isa = PBXTargetDependency;
			target = A8EA88D72864EDA100D53359 /* test */;
			targetProxy = A8EA88FD2864EDAB00D53359 /* PBXContainerItemProxy */;
		};
/* End PBXTargetDependency section */

/* Begin PBXVariantGroup section */
		A8EA88E12864EDA100D53359 /* Main.storyboard */ = {
			isa = PBXVariantGroup;
			children = (
				A8EA88E22864EDA100D53359 /* Base */,
			);
			name = Main.storyboard;
			sourceTree = "<group>";
		};
		A8EA88E92864EDAA00D53359 /* LaunchScreen.storyboard */ = {
			isa = PBXVariantGroup;
			children = (
				A8EA88EA2864EDAA00D53359 /* Base */,
			);
			name = LaunchScreen.storyboard;
			sourceTree = "<group>";
		};
/* End PBXVariantGroup section */

/* Begin XCBuildConfiguration section */
		A8EA89032864EDAB00D53359 /* Debug */ = {
			isa = XCBuildConfiguration;
			buildSettings = {
				ALWAYS_SEARCH_USER_PATHS = NO;
				CLANG_ANALYZER_NONNULL = YES;
				CLANG_ANALYZER_NUMBER_OBJECT_CONVERSION = YES_AGGRESSIVE;
				CLANG_CXX_LANGUAGE_STANDARD = "gnu++14";
				CLANG_CXX_LIBRARY = "libc++";
				CLANG_ENABLE_MODULES = YES;
				CLANG_ENABLE_OBJC_ARC = YES;
				CLANG_ENABLE_OBJC_WEAK = YES;
				CLANG_WARN_BLOCK_CAPTURE_AUTORELEASING = YES;
				CLANG_WARN_BOOL_CONVERSION = YES;
				CLANG_WARN_COMMA = YES;
				CLANG_WARN_CONSTANT_CONVERSION = YES;
				CLANG_WARN_DEPRECATED_OBJC_IMPLEMENTATIONS = YES;
				CLANG_WARN_DIRECT_OBJC_ISA_USAGE = YES_ERROR;
				CLANG_WARN_DOCUMENTATION_COMMENTS = YES;
				CLANG_WARN_EMPTY_BODY = YES;
				CLANG_WARN_ENUM_CONVERSION = YES;
				CLANG_WARN_INFINITE_RECURSION = YES;
				CLANG_WARN_INT_CONVERSION = YES;
				CLANG_WARN_NON_LITERAL_NULL_CONVERSION = YES;
				CLANG_WARN_OBJC_IMPLICIT_RETAIN_SELF = YES;
				CLANG_WARN_OBJC_LITERAL_CONVERSION = YES;
				CLANG_WARN_OBJC_ROOT_CLASS = YES_ERROR;
				CLANG_WARN_QUOTED_INCLUDE_IN_FRAMEWORK_HEADER = YES;
				CLANG_WARN_RANGE_LOOP_ANALYSIS = YES;
				CLANG_WARN_STRICT_PROTOTYPES = YES;
				CLANG_WARN_SUSPICIOUS_MOVE = YES;
				CLANG_WARN_UNGUARDED_AVAILABILITY = YES_AGGRESSIVE;
				CLANG_WARN_UNREACHABLE_CODE = YES;
				CLANG_WARN__DUPLICATE_METHOD_MATCH = YES;
				COPY_PHASE_STRIP = NO;
				DEBUG_INFORMATION_FORMAT = dwarf;
				ENABLE_STRICT_OBJC_MSGSEND = YES;
				ENABLE_TESTABILITY = YES;
				GCC_C_LANGUAGE_STANDARD = gnu11;
				GCC_DYNAMIC_NO_PIC = NO;
				GCC_NO_COMMON_BLOCKS = YES;
				GCC_OPTIMIZATION_LEVEL = 0;
				GCC_PREPROCESSOR_DEFINITIONS = (
					"DEBUG=1",
					"$(inherited)",
				);
				GCC_WARN_64_TO_32_BIT_CONVERSION = YES;
				GCC_WARN_ABOUT_RETURN_TYPE = YES_ERROR;
				GCC_WARN_UNDECLARED_SELECTOR = YES;
				GCC_WARN_UNINITIALIZED_AUTOS = YES_AGGRESSIVE;
				GCC_WARN_UNUSED_FUNCTION = YES;
				GCC_WARN_UNUSED_VARIABLE = YES;
				IPHONEOS_DEPLOYMENT_TARGET = 14.5;
				MTL_ENABLE_DEBUG_INFO = INCLUDE_SOURCE;
				MTL_FAST_MATH = YES;
				ONLY_ACTIVE_ARCH = YES;
				SDKROOT = iphoneos;
				SWIFT_ACTIVE_COMPILATION_CONDITIONS = DEBUG;
				SWIFT_OPTIMIZATION_LEVEL = "-Onone";
			};
			name = Debug;
		};
		A8EA89042864EDAB00D53359 /* Release */ = {
			isa = XCBuildConfiguration;
			buildSettings = {
				ALWAYS_SEARCH_USER_PATHS = NO;
				CLANG_ANALYZER_NONNULL = YES;
				CLANG_ANALYZER_NUMBER_OBJECT_CONVERSION = YES_AGGRESSIVE;
				CLANG_CXX_LANGUAGE_STANDARD = "gnu++14";
				CLANG_CXX_LIBRARY = "libc++";
				CLANG_ENABLE_MODULES = YES;
				CLANG_ENABLE_OBJC_ARC = YES;
				CLANG_ENABLE_OBJC_WEAK = YES;
				CLANG_WARN_BLOCK_CAPTURE_AUTORELEASING = YES;
				CLANG_WARN_BOOL_CONVERSION = YES;
				CLANG_WARN_COMMA = YES;
				CLANG_WARN_CONSTANT_CONVERSION = YES;
				CLANG_WARN_DEPRECATED_OBJC_IMPLEMENTATIONS = YES;
				CLANG_WARN_DIRECT_OBJC_ISA_USAGE = YES_ERROR;
				CLANG_WARN_DOCUMENTATION_COMMENTS = YES;
				CLANG_WARN_EMPTY_BODY = YES;
				CLANG_WARN_ENUM_CONVERSION = YES;
				CLANG_WARN_INFINITE_RECURSION = YES;
				CLANG_WARN_INT_CONVERSION = YES;
				CLANG_WARN_NON_LITERAL_NULL_CONVERSION = YES;
				CLANG_WARN_OBJC_IMPLICIT_RETAIN_SELF = YES;
				CLANG_WARN_OBJC_LITERAL_CONVERSION = YES;
				CLANG_WARN_OBJC_ROOT_CLASS = YES_ERROR;
				CLANG_WARN_QUOTED_INCLUDE_IN_FRAMEWORK_HEADER = YES;
				CLANG_WARN_RANGE_LOOP_ANALYSIS = YES;
				CLANG_WARN_STRICT_PROTOTYPES = YES;
				CLANG_WARN_SUSPICIOUS_MOVE = YES;
				CLANG_WARN_UNGUARDED_AVAILABILITY = YES_AGGRESSIVE;
				CLANG_WARN_UNREACHABLE_CODE = YES;
				CLANG_WARN__DUPLICATE_METHOD_MATCH = YES;
				COPY_PHASE_STRIP = NO;
				DEBUG_INFORMATION_FORMAT = "dwarf-with-dsym";
				ENABLE_NS_ASSERTIONS = NO;
				ENABLE_STRICT_OBJC_MSGSEND = YES;
				GCC_C_LANGUAGE_STANDARD = gnu11;
				GCC_NO_COMMON_BLOCKS = YES;
				GCC_WARN_64_TO_32_BIT_CONVERSION = YES;
				GCC_WARN_ABOUT_RETURN_TYPE = YES_ERROR;
				GCC_WARN_UNDECLARED_SELECTOR = YES;
				GCC_WARN_UNINITIALIZED_AUTOS = YES_AGGRESSIVE;
				GCC_WARN_UNUSED_FUNCTION = YES;
				GCC_WARN_UNUSED_VARIABLE = YES;
				IPHONEOS_DEPLOYMENT_TARGET = 14.5;
				MTL_ENABLE_DEBUG_INFO = NO;
				MTL_FAST_MATH = YES;
				SDKROOT = iphoneos;
				SWIFT_COMPILATION_MODE = wholemodule;
				SWIFT_OPTIMIZATION_LEVEL = "-O";
				VALIDATE_PRODUCT = YES;
			};
			name = Release;
		};
		A8EA89062864EDAB00D53359 /* Debug */ = {
			isa = XCBuildConfiguration;
			buildSettings = {
				ASSETCATALOG_COMPILER_APPICON_NAME = AppIcon;
				ASSETCATALOG_COMPILER_GLOBAL_ACCENT_COLOR_NAME = AccentColor;
				CODE_SIGN_STYLE = Automatic;
				INFOPLIST_FILE = test/Info.plist;
				LD_RUNPATH_SEARCH_PATHS = (
					"$(inherited)",
					"@executable_path/Frameworks",
				);
				PRODUCT_BUNDLE_IDENTIFIER = KWK.test;
				PRODUCT_NAME = "$(TARGET_NAME)";
				SWIFT_VERSION = 5.0;
				TARGETED_DEVICE_FAMILY = "1,2";
			};
			name = Debug;
		};
		A8EA89072864EDAB00D53359 /* Release */ = {
			isa = XCBuildConfiguration;
			buildSettings = {
				ASSETCATALOG_COMPILER_APPICON_NAME = AppIcon;
				ASSETCATALOG_COMPILER_GLOBAL_ACCENT_COLOR_NAME = AccentColor;
				CODE_SIGN_STYLE = Automatic;
				INFOPLIST_FILE = test/Info.plist;
				LD_RUNPATH_SEARCH_PATHS = (
					"$(inherited)",
					"@executable_path/Frameworks",
				);
				PRODUCT_BUNDLE_IDENTIFIER = KWK.test;
				PRODUCT_NAME = "$(TARGET_NAME)";
				SWIFT_VERSION = 5.0;
				TARGETED_DEVICE_FAMILY = "1,2";
			};
			name = Release;
		};
		A8EA89092864EDAB00D53359 /* Debug */ = {
			isa = XCBuildConfiguration;
			buildSettings = {
				ALWAYS_EMBED_SWIFT_STANDARD_LIBRARIES = YES;
				BUNDLE_LOADER = "$(TEST_HOST)";
				CODE_SIGN_STYLE = Automatic;
				INFOPLIST_FILE = testTests/Info.plist;
				IPHONEOS_DEPLOYMENT_TARGET = 14.5;
				LD_RUNPATH_SEARCH_PATHS = (
					"$(inherited)",
					"@executable_path/Frameworks",
					"@loader_path/Frameworks",
				);
				PRODUCT_BUNDLE_IDENTIFIER = KWK.testTests;
				PRODUCT_NAME = "$(TARGET_NAME)";
				SWIFT_VERSION = 5.0;
				TARGETED_DEVICE_FAMILY = "1,2";
				TEST_HOST = "$(BUILT_PRODUCTS_DIR)/test.app/test";
			};
			name = Debug;
		};
		A8EA890A2864EDAB00D53359 /* Release */ = {
			isa = XCBuildConfiguration;
			buildSettings = {
				ALWAYS_EMBED_SWIFT_STANDARD_LIBRARIES = YES;
				BUNDLE_LOADER = "$(TEST_HOST)";
				CODE_SIGN_STYLE = Automatic;
				INFOPLIST_FILE = testTests/Info.plist;
				IPHONEOS_DEPLOYMENT_TARGET = 14.5;
				LD_RUNPATH_SEARCH_PATHS = (
					"$(inherited)",
					"@executable_path/Frameworks",
					"@loader_path/Frameworks",
				);
				PRODUCT_BUNDLE_IDENTIFIER = KWK.testTests;
				PRODUCT_NAME = "$(TARGET_NAME)";
				SWIFT_VERSION = 5.0;
				TARGETED_DEVICE_FAMILY = "1,2";
				TEST_HOST = "$(BUILT_PRODUCTS_DIR)/test.app/test";
			};
			name = Release;
		};
		A8EA890C2864EDAB00D53359 /* Debug */ = {
			isa = XCBuildConfiguration;
			buildSettings = {
				ALWAYS_EMBED_SWIFT_STANDARD_LIBRARIES = YES;
				CODE_SIGN_STYLE = Automatic;
				INFOPLIST_FILE = testUITests/Info.plist;
				LD_RUNPATH_SEARCH_PATHS = (
					"$(inherited)",
					"@executable_path/Frameworks",
					"@loader_path/Frameworks",
				);
				PRODUCT_BUNDLE_IDENTIFIER = KWK.testUITests;
				PRODUCT_NAME = "$(TARGET_NAME)";
				SWIFT_VERSION = 5.0;
				TARGETED_DEVICE_FAMILY = "1,2";
				TEST_TARGET_NAME = test;
			};
			name = Debug;
		};
		A8EA890D2864EDAB00D53359 /* Release */ = {
			isa = XCBuildConfiguration;
			buildSettings = {
				ALWAYS_EMBED_SWIFT_STANDARD_LIBRARIES = YES;
				CODE_SIGN_STYLE = Automatic;
				INFOPLIST_FILE = testUITests/Info.plist;
				LD_RUNPATH_SEARCH_PATHS = (
					"$(inherited)",
					"@executable_path/Frameworks",
					"@loader_path/Frameworks",
				);
				PRODUCT_BUNDLE_IDENTIFIER = KWK.testUITests;
				PRODUCT_NAME = "$(TARGET_NAME)";
				SWIFT_VERSION = 5.0;
				TARGETED_DEVICE_FAMILY = "1,2";
				TEST_TARGET_NAME = test;
			};
			name = Release;
		};
/* End XCBuildConfiguration section */

/* Begin XCConfigurationList section */
		A8EA88D32864EDA000D53359 /* Build configuration list for PBXProject "test" */ = {
			isa = XCConfigurationList;
			buildConfigurations = (
				A8EA89032864EDAB00D53359 /* Debug */,
				A8EA89042864EDAB00D53359 /* Release */,
			);
			defaultConfigurationIsVisible = 0;
			defaultConfigurationName = Release;
		};
		A8EA89052864EDAB00D53359 /* Build configuration list for PBXNativeTarget "test" */ = {
			isa = XCConfigurationList;
			buildConfigurations = (
				A8EA89062864EDAB00D53359 /* Debug */,
				A8EA89072864EDAB00D53359 /* Release */,
			);
			defaultConfigurationIsVisible = 0;
			defaultConfigurationName = Release;
		};
		A8EA89082864EDAB00D53359 /* Build configuration list for PBXNativeTarget "testTests" */ = {
			isa = XCConfigurationList;
			buildConfigurations = (
				A8EA89092864EDAB00D53359 /* Debug */,
				A8EA890A2864EDAB00D53359 /* Release */,
			);
			defaultConfigurationIsVisible = 0;
			defaultConfigurationName = Release;
		};
		A8EA890B2864EDAB00D53359 /* Build configuration list for PBXNativeTarget "testUITests" */ = {
			isa = XCConfigurationList;
			buildConfigurations = (
				A8EA890C2864EDAB00D53359 /* Debug */,
				A8EA890D2864EDAB00D53359 /* Release */,
			);
			defaultConfigurationIsVisible = 0;
			defaultConfigurationName = Release;
		};
/* End XCConfigurationList section */

/* Begin XCVersionGroup section */
		A8EA88E42864EDA100D53359 /* test.xcdatamodeld */ = {
			isa = XCVersionGroup;
			children = (
				A8EA88E52864EDA100D53359 /* test.xcdatamodel */,
			);
			currentVersion = A8EA88E52864EDA100D53359 /* test.xcdatamodel */;
			path = test.xcdatamodeld;
			sourceTree = "<group>";
			versionGroupType = wrapper.xcdatamodel;
		};
/* End XCVersionGroup section */
	};
	rootObject = A8EA88D02864EDA000D53359 /* Project object */;
}
